// !$*UTF8*$!
{
	archiveVersion = 1;
	classes = {
	};
	objectVersion = 54;
	objects = {

/* Begin PBXBuildFile section */
		9C0517882BE1745000DDBFDC /* CalculatorView.swift in Sources */ = {isa = PBXBuildFile; fileRef = 9C0517872BE1745000DDBFDC /* CalculatorView.swift */; };
		9C05178A2BE1745D00DDBFDC /* MainView.swift in Sources */ = {isa = PBXBuildFile; fileRef = 9C0517892BE1745D00DDBFDC /* MainView.swift */; };
		9C05178C2BE1746D00DDBFDC /* GuideView.swift in Sources */ = {isa = PBXBuildFile; fileRef = 9C05178B2BE1746D00DDBFDC /* GuideView.swift */; };
		9C193AFB23A2ACA7000DE1AB /* coin-wallet.json in Resources */ = {isa = PBXBuildFile; fileRef = 9C193AFA23A2ACA7000DE1AB /* coin-wallet.json */; };
		9C31EB8A23E3AA2100060143 /* DetailViewController.storyboard in Resources */ = {isa = PBXBuildFile; fileRef = 9C31EB8923E3AA2100060143 /* DetailViewController.storyboard */; };
		9C31EB8C23E3AB1A00060143 /* DetailViewController.swift in Sources */ = {isa = PBXBuildFile; fileRef = 9C31EB8B23E3AB1A00060143 /* DetailViewController.swift */; };
		9C3CC3DE23C75EE800359368 /* SupplementaryViews.swift in Sources */ = {isa = PBXBuildFile; fileRef = 9C3CC3DD23C75EE800359368 /* SupplementaryViews.swift */; };
		9C3CF4F42CA58F7C00E5D4E3 /* AvenirNextCyr-Demi.ttf in Resources */ = {isa = PBXBuildFile; fileRef = 9CAECD5C2BE539E300F0E7AC /* AvenirNextCyr-Demi.ttf */; };
		9C3CF4F52CA58F7C00E5D4E3 /* AvenirNextCyr-Heavy.ttf in Resources */ = {isa = PBXBuildFile; fileRef = 9CAECD582BE539E300F0E7AC /* AvenirNextCyr-Heavy.ttf */; };
		9C3CF4F62CA58F7C00E5D4E3 /* AvenirNextCyr-Light.ttf in Resources */ = {isa = PBXBuildFile; fileRef = 9CAECD592BE539E300F0E7AC /* AvenirNextCyr-Light.ttf */; };
		9C3CF4F72CA58F7C00E5D4E3 /* AvenirNextCyr-LightItalic.ttf in Resources */ = {isa = PBXBuildFile; fileRef = 9CAECD5B2BE539E300F0E7AC /* AvenirNextCyr-LightItalic.ttf */; };
		9C3CF4F82CA58F7C00E5D4E3 /* AvenirNextCyr-Medium.ttf in Resources */ = {isa = PBXBuildFile; fileRef = 9CAECD5A2BE539E300F0E7AC /* AvenirNextCyr-Medium.ttf */; };
		9C3CF4F92CA58F7C00E5D4E3 /* AvenirNextCyr-Regular.ttf in Resources */ = {isa = PBXBuildFile; fileRef = 9CAECD5D2BE539E300F0E7AC /* AvenirNextCyr-Regular.ttf */; };
		9C3CF4FA2CA58F7C00E5D4E3 /* AvenirNextCyr-UltraLight.ttf in Resources */ = {isa = PBXBuildFile; fileRef = 9CAECD572BE539E300F0E7AC /* AvenirNextCyr-UltraLight.ttf */; };
		9C45E661234D238F0054A5FD /* SurfTripViewController.storyboard in Resources */ = {isa = PBXBuildFile; fileRef = 9C45E660234D238E0054A5FD /* SurfTripViewController.storyboard */; };
		9C467C67234F2A7D009F4D58 /* Surfboard.swift in Sources */ = {isa = PBXBuildFile; fileRef = 9C467C66234F2A7D009F4D58 /* Surfboard.swift */; };
		9C4C54742349C28500FB2653 /* GuideViewController.storyboard in Resources */ = {isa = PBXBuildFile; fileRef = 9C4C54732349C28500FB2653 /* GuideViewController.storyboard */; };
		9C53CE1C289E9497000969F2 /* MapModel.swift in Sources */ = {isa = PBXBuildFile; fileRef = 9C53CE1B289E9497000969F2 /* MapModel.swift */; };
		9C53CE1E289E94B5000969F2 /* SplashViewController.swift in Sources */ = {isa = PBXBuildFile; fileRef = 9C53CE1D289E94B5000969F2 /* SplashViewController.swift */; };
		9C53D5C0234C126600A3BD80 /* StoryboardProtocol.swift in Sources */ = {isa = PBXBuildFile; fileRef = 9C53D5BF234C126600A3BD80 /* StoryboardProtocol.swift */; };
		9C587298257FFA8300524BA7 /* ApiMapsRequest.swift in Sources */ = {isa = PBXBuildFile; fileRef = 9C587297257FFA8300524BA7 /* ApiMapsRequest.swift */; };
		9C58729C258023D800524BA7 /* ApiEndpoint.swift in Sources */ = {isa = PBXBuildFile; fileRef = 9C58729B258023D800524BA7 /* ApiEndpoint.swift */; };
		9C5B644C232A506C000727E6 /* AppDelegate.swift in Sources */ = {isa = PBXBuildFile; fileRef = 9C5B644B232A506C000727E6 /* AppDelegate.swift */; };
		9C5B6450232A506C000727E6 /* PriceCalculatorViewController.swift in Sources */ = {isa = PBXBuildFile; fileRef = 9C5B644F232A506C000727E6 /* PriceCalculatorViewController.swift */; };
		9C5B6456232A506C000727E6 /* TradeMySurf.xcdatamodeld in Sources */ = {isa = PBXBuildFile; fileRef = 9C5B6454232A506C000727E6 /* TradeMySurf.xcdatamodeld */; };
		9C5B6458232A5073000727E6 /* Assets.xcassets in Resources */ = {isa = PBXBuildFile; fileRef = 9C5B6457232A5073000727E6 /* Assets.xcassets */; };
		9C5B6471232A5073000727E6 /* TradeMySurfUITests.swift in Sources */ = {isa = PBXBuildFile; fileRef = 9C5B6470232A5073000727E6 /* TradeMySurfUITests.swift */; };
		9C5B64CC2B1697A200360CAF /* AppRoot.swift in Sources */ = {isa = PBXBuildFile; fileRef = 9C5B64CA2B1697A200360CAF /* AppRoot.swift */; };
		9C5B64D42B16A07900360CAF /* Helper.swift in Sources */ = {isa = PBXBuildFile; fileRef = 9C5B64D32B16A07900360CAF /* Helper.swift */; };
		9C62416E238AE68E00A4B7C9 /* ReuseIdentifierHelper.swift in Sources */ = {isa = PBXBuildFile; fileRef = 9C62416D238AE68E00A4B7C9 /* ReuseIdentifierHelper.swift */; };
		9C624170238AE75000A4B7C9 /* MockService.swift in Sources */ = {isa = PBXBuildFile; fileRef = 9C62416F238AE75000A4B7C9 /* MockService.swift */; };
		9C624172238AE81A00A4B7C9 /* SurfTip.swift in Sources */ = {isa = PBXBuildFile; fileRef = 9C624171238AE81A00A4B7C9 /* SurfTip.swift */; };
		9C624174238AFC1400A4B7C9 /* SmallTableViewCell.swift in Sources */ = {isa = PBXBuildFile; fileRef = 9C624173238AFC1400A4B7C9 /* SmallTableViewCell.swift */; };
		9C624178238B107B00A4B7C9 /* SurfboardCollectionViewCell.swift in Sources */ = {isa = PBXBuildFile; fileRef = 9C624177238B107B00A4B7C9 /* SurfboardCollectionViewCell.swift */; };
		9C62417A238B374A00A4B7C9 /* LocationaCollectionViewCell.swift in Sources */ = {isa = PBXBuildFile; fileRef = 9C624179238B374800A4B7C9 /* LocationaCollectionViewCell.swift */; };
		9C62417C239156C200A4B7C9 /* UserDefaultsHelper.swift in Sources */ = {isa = PBXBuildFile; fileRef = 9C62417B239156C200A4B7C9 /* UserDefaultsHelper.swift */; };
		9C627C7E2BF291B400CD16C4 /* ThemeProtocol.swift in Sources */ = {isa = PBXBuildFile; fileRef = 9C627C7D2BF291B400CD16C4 /* ThemeProtocol.swift */; };
		9C627C802BF291D400CD16C4 /* SurfTheme.swift in Sources */ = {isa = PBXBuildFile; fileRef = 9C627C7F2BF291D400CD16C4 /* SurfTheme.swift */; };
		9C627C822BF2927900CD16C4 /* Colors.xcassets in Resources */ = {isa = PBXBuildFile; fileRef = 9C627C812BF2927900CD16C4 /* Colors.xcassets */; };
		9C627C842BF299EA00CD16C4 /* ThemeManager.swift in Sources */ = {isa = PBXBuildFile; fileRef = 9C627C832BF299EA00CD16C4 /* ThemeManager.swift */; };
		9C65758C24111E0100CCF6AF /* TabBarVC.storyboard in Resources */ = {isa = PBXBuildFile; fileRef = 9C65758B24111E0100CCF6AF /* TabBarVC.storyboard */; };
		9C69CE76234CD9B9003E386F /* Location.swift in Sources */ = {isa = PBXBuildFile; fileRef = 9C69CE75234CD9B9003E386F /* Location.swift */; };
		9C69CE85234D06D7003E386F /* PriceCalculatorViewController.storyboard in Resources */ = {isa = PBXBuildFile; fileRef = 9C69CE84234D06D7003E386F /* PriceCalculatorViewController.storyboard */; };
		9C69CE87234D0749003E386F /* Welcome.storyboard in Resources */ = {isa = PBXBuildFile; fileRef = 9C69CE86234D0749003E386F /* Welcome.storyboard */; };
		9C6F64CE2379F86400B0224D /* AddLevelViewController.storyboard in Resources */ = {isa = PBXBuildFile; fileRef = 9CFDFD3A2367220300760F25 /* AddLevelViewController.storyboard */; };
		9C6F64D02379FB7800B0224D /* Constants.swift in Sources */ = {isa = PBXBuildFile; fileRef = 9C6F64CF2379FB7800B0224D /* Constants.swift */; };
		9C73E26623B963570028B9AC /* CoordinatorPresenting.swift in Sources */ = {isa = PBXBuildFile; fileRef = 9C73E26523B963570028B9AC /* CoordinatorPresenting.swift */; };
		9C73E26823B964560028B9AC /* CoordinatorUIKit.swift in Sources */ = {isa = PBXBuildFile; fileRef = 9C73E26723B964560028B9AC /* CoordinatorUIKit.swift */; };
		9C76F09423493DAB00853FD9 /* WelcomeViewController.swift in Sources */ = {isa = PBXBuildFile; fileRef = 9C76F09323493DAB00853FD9 /* WelcomeViewController.swift */; };
		9C76F09623493EDA00853FD9 /* SurfTripViewController.swift in Sources */ = {isa = PBXBuildFile; fileRef = 9C76F09523493EDA00853FD9 /* SurfTripViewController.swift */; };
		9C76F09823493F0900853FD9 /* GuideViewController.swift in Sources */ = {isa = PBXBuildFile; fileRef = 9C76F09723493F0900853FD9 /* GuideViewController.swift */; };
		9C8939AE2CBC405B008B7A45 /* RootViewApp.swift in Sources */ = {isa = PBXBuildFile; fileRef = 9C8939AD2CBC405B008B7A45 /* RootViewApp.swift */; };
		9C8939B02CBC4089008B7A45 /* SplashView.swift in Sources */ = {isa = PBXBuildFile; fileRef = 9C8939AF2CBC4089008B7A45 /* SplashView.swift */; };
		9C8939B22CBC40C4008B7A45 /* WelcomeView.swift in Sources */ = {isa = PBXBuildFile; fileRef = 9C8939B12CBC40C4008B7A45 /* WelcomeView.swift */; };
		9C8939B42CBC411F008B7A45 /* ButtonAnimateColor.swift in Sources */ = {isa = PBXBuildFile; fileRef = 9C8939B32CBC411F008B7A45 /* ButtonAnimateColor.swift */; };
		9C8939B62CBC414E008B7A45 /* AlertButtonView.swift in Sources */ = {isa = PBXBuildFile; fileRef = 9C8939B52CBC414E008B7A45 /* AlertButtonView.swift */; };
		9C8939B82CBC418B008B7A45 /* AlertSwiftUIView.swift in Sources */ = {isa = PBXBuildFile; fileRef = 9C8939B72CBC418B008B7A45 /* AlertSwiftUIView.swift */; };
		9C89B61C23DA40D400DB8DDF /* UIView+Shadow.swift in Sources */ = {isa = PBXBuildFile; fileRef = 9C89B61B23DA40D400DB8DDF /* UIView+Shadow.swift */; };
		9C89B61E23DA41A600DB8DDF /* BaseNavigationController.swift in Sources */ = {isa = PBXBuildFile; fileRef = 9C89B61D23DA41A600DB8DDF /* BaseNavigationController.swift */; };
		9C8F32FC239943350070751F /* SplashViewController.storyboard in Resources */ = {isa = PBXBuildFile; fileRef = 9C8F32FB239943350070751F /* SplashViewController.storyboard */; };
		9C8F32FF239946090070751F /* logo_final.json in Resources */ = {isa = PBXBuildFile; fileRef = 9C8F32FD239946090070751F /* logo_final.json */; };
		9C8F3300239946090070751F /* loader_animation.json in Resources */ = {isa = PBXBuildFile; fileRef = 9C8F32FE239946090070751F /* loader_animation.json */; };
		9C8F330223994CDD0070751F /* FontHelper.swift in Sources */ = {isa = PBXBuildFile; fileRef = 9C8F330123994CDD0070751F /* FontHelper.swift */; };
		9C90A22B2388887700E735D3 /* clip-board.json in Resources */ = {isa = PBXBuildFile; fileRef = 9C90A22A2388887700E735D3 /* clip-board.json */; };
		9C90A22F2388888B00E735D3 /* shop.json in Resources */ = {isa = PBXBuildFile; fileRef = 9C90A22E2388888B00E735D3 /* shop.json */; };
		9C90A233238897A500E735D3 /* air.json in Resources */ = {isa = PBXBuildFile; fileRef = 9C90A232238897A400E735D3 /* air.json */; };
		9C90BC552386BD020090E346 /* Enums.swift in Sources */ = {isa = PBXBuildFile; fileRef = 9C90BC542386BD020090E346 /* Enums.swift */; };
		9C9F836C2366BDAA00FA4F41 /* TabBarCoordinatorTests.swift in Sources */ = {isa = PBXBuildFile; fileRef = 9C9F836B2366BDAA00FA4F41 /* TabBarCoordinatorTests.swift */; };
		9CB161562BE0335D0031C913 /* AddLevelView.swift in Sources */ = {isa = PBXBuildFile; fileRef = 9CB161552BE0335D0031C913 /* AddLevelView.swift */; };
		9CBDE2982395A9E600317F51 /* TimeHelper.swift in Sources */ = {isa = PBXBuildFile; fileRef = 9CBDE2972395A9E600317F51 /* TimeHelper.swift */; };
		9CC4F8EA23CA536A00F3ABAB /* Surfs.mlmodel in Sources */ = {isa = PBXBuildFile; fileRef = 9CC4F8E923CA536A00F3ABAB /* Surfs.mlmodel */; };
		9CE09C302413FAFA00F0FE08 /* TabItemView.xib in Resources */ = {isa = PBXBuildFile; fileRef = 9CE09C2F2413FAFA00F0FE08 /* TabItemView.xib */; };
		9CE21BB22507C9BF00B6B20C /* LocationViewController.storyboard in Resources */ = {isa = PBXBuildFile; fileRef = 9CE21BB02507C9BF00B6B20C /* LocationViewController.storyboard */; };
		9CE21BB32507C9BF00B6B20C /* LocationViewController.swift in Sources */ = {isa = PBXBuildFile; fileRef = 9CE21BB12507C9BF00B6B20C /* LocationViewController.swift */; };
		9CEFD7442CBC07C70003DCF4 /* TabbarEntrySwiftUI.swift in Sources */ = {isa = PBXBuildFile; fileRef = 9CEFD7432CBC07C70003DCF4 /* TabbarEntrySwiftUI.swift */; };
		9CEFD7462CBC142A0003DCF4 /* RecommendedView.swift in Sources */ = {isa = PBXBuildFile; fileRef = 9CEFD7452CBC142A0003DCF4 /* RecommendedView.swift */; };
		9CF1CC24241136950067533C /* TabBarVC.swift in Sources */ = {isa = PBXBuildFile; fileRef = 9CF1CC23241136950067533C /* TabBarVC.swift */; };
		9CF77BDC24101D8300C92725 /* TabbarEntry.swift in Sources */ = {isa = PBXBuildFile; fileRef = 9CF77BDB24101D8300C92725 /* TabbarEntry.swift */; };
		9CF77BE024104B9400C92725 /* AlertContainerView.swift in Sources */ = {isa = PBXBuildFile; fileRef = 9CF77BDF24104B9400C92725 /* AlertContainerView.swift */; };
		9CF77BE82410669B00C92725 /* TabItemView.swift in Sources */ = {isa = PBXBuildFile; fileRef = 9CF77BE72410669B00C92725 /* TabItemView.swift */; };
		9CF77BEA2410690000C92725 /* UIView+Constraints.swift in Sources */ = {isa = PBXBuildFile; fileRef = 9CF77BE92410690000C92725 /* UIView+Constraints.swift */; };
		9CF77BEC241069BA00C92725 /* UIViewController+ChildViewController.swift in Sources */ = {isa = PBXBuildFile; fileRef = 9CF77BEB241069BA00C92725 /* UIViewController+ChildViewController.swift */; };
		9CF77BEE24106A1A00C92725 /* Array+Extension.swift in Sources */ = {isa = PBXBuildFile; fileRef = 9CF77BED24106A1A00C92725 /* Array+Extension.swift */; };
		9CF936E923CBC0AB00A8C72D /* UIView+Gradient.swift in Sources */ = {isa = PBXBuildFile; fileRef = 9CF936E823CBC0AB00A8C72D /* UIView+Gradient.swift */; };
		9CFDFD36236718E400760F25 /* CoordinatorTests.swift in Sources */ = {isa = PBXBuildFile; fileRef = 9CFDFD35236718E400760F25 /* CoordinatorTests.swift */; };
		9CFDFD3D2367221C00760F25 /* AddDateViewController.storyboard in Resources */ = {isa = PBXBuildFile; fileRef = 9CFDFD3C2367221C00760F25 /* AddDateViewController.storyboard */; };
		9CFDFD3F2367226C00760F25 /* AddDateViewController.swift in Sources */ = {isa = PBXBuildFile; fileRef = 9CFDFD3E2367226C00760F25 /* AddDateViewController.swift */; };
		9CFDFD412367228300760F25 /* AddLevelViewController.swift in Sources */ = {isa = PBXBuildFile; fileRef = 9CFDFD402367228300760F25 /* AddLevelViewController.swift */; };
		C0E8BF8BC57ED015A56DC270 /* Pods_TradeMySurf.framework in Frameworks */ = {isa = PBXBuildFile; fileRef = EC03F18041F56133B109FCF2 /* Pods_TradeMySurf.framework */; };
		C7D01567D3461FFD2B36154F /* Pods_TradeMySurfTests.framework in Frameworks */ = {isa = PBXBuildFile; fileRef = CDD5482363EBB48A0782A828 /* Pods_TradeMySurfTests.framework */; };
/* End PBXBuildFile section */

/* Begin PBXContainerItemProxy section */
		9C5B6462232A5073000727E6 /* PBXContainerItemProxy */ = {
			isa = PBXContainerItemProxy;
			containerPortal = 9C5B6440232A506C000727E6 /* Project object */;
			proxyType = 1;
			remoteGlobalIDString = 9C5B6447232A506C000727E6;
			remoteInfo = TradeMySurf;
		};
		9C5B646D232A5073000727E6 /* PBXContainerItemProxy */ = {
			isa = PBXContainerItemProxy;
			containerPortal = 9C5B6440232A506C000727E6 /* Project object */;
			proxyType = 1;
			remoteGlobalIDString = 9C5B6447232A506C000727E6;
			remoteInfo = TradeMySurf;
		};
/* End PBXContainerItemProxy section */

/* Begin PBXFileReference section */
		2A0124D5F3B03C0085DAD269 /* Pods-TradeMySurf.release.xcconfig */ = {isa = PBXFileReference; includeInIndex = 1; lastKnownFileType = text.xcconfig; name = "Pods-TradeMySurf.release.xcconfig"; path = "Target Support Files/Pods-TradeMySurf/Pods-TradeMySurf.release.xcconfig"; sourceTree = "<group>"; };
		3A1C042CB9EFA0254C2988FE /* Pods-TradeMySurfTests.debug.xcconfig */ = {isa = PBXFileReference; includeInIndex = 1; lastKnownFileType = text.xcconfig; name = "Pods-TradeMySurfTests.debug.xcconfig"; path = "Target Support Files/Pods-TradeMySurfTests/Pods-TradeMySurfTests.debug.xcconfig"; sourceTree = "<group>"; };
		4510A5DB5E6D5379DA0C696C /* Pods-TradeMySurfTests.release.xcconfig */ = {isa = PBXFileReference; includeInIndex = 1; lastKnownFileType = text.xcconfig; name = "Pods-TradeMySurfTests.release.xcconfig"; path = "Target Support Files/Pods-TradeMySurfTests/Pods-TradeMySurfTests.release.xcconfig"; sourceTree = "<group>"; };
		73594BCA3A691E66914D3EEA /* Pods-TradeMySurf.debug.xcconfig */ = {isa = PBXFileReference; includeInIndex = 1; lastKnownFileType = text.xcconfig; name = "Pods-TradeMySurf.debug.xcconfig"; path = "Target Support Files/Pods-TradeMySurf/Pods-TradeMySurf.debug.xcconfig"; sourceTree = "<group>"; };
		9C0517872BE1745000DDBFDC /* CalculatorView.swift */ = {isa = PBXFileReference; lastKnownFileType = sourcecode.swift; path = CalculatorView.swift; sourceTree = "<group>"; };
		9C0517892BE1745D00DDBFDC /* MainView.swift */ = {isa = PBXFileReference; lastKnownFileType = sourcecode.swift; path = MainView.swift; sourceTree = "<group>"; };
		9C05178B2BE1746D00DDBFDC /* GuideView.swift */ = {isa = PBXFileReference; lastKnownFileType = sourcecode.swift; path = GuideView.swift; sourceTree = "<group>"; };
		9C193AFA23A2ACA7000DE1AB /* coin-wallet.json */ = {isa = PBXFileReference; fileEncoding = 4; lastKnownFileType = text.json; path = "coin-wallet.json"; sourceTree = "<group>"; };
		9C31EB8923E3AA2100060143 /* DetailViewController.storyboard */ = {isa = PBXFileReference; lastKnownFileType = file.storyboard; path = DetailViewController.storyboard; sourceTree = "<group>"; };
		9C31EB8B23E3AB1A00060143 /* DetailViewController.swift */ = {isa = PBXFileReference; lastKnownFileType = sourcecode.swift; path = DetailViewController.swift; sourceTree = "<group>"; };
		9C3CC3DD23C75EE800359368 /* SupplementaryViews.swift */ = {isa = PBXFileReference; fileEncoding = 4; lastKnownFileType = sourcecode.swift; path = SupplementaryViews.swift; sourceTree = "<group>"; };
		9C45E660234D238E0054A5FD /* SurfTripViewController.storyboard */ = {isa = PBXFileReference; fileEncoding = 4; lastKnownFileType = file.storyboard; path = SurfTripViewController.storyboard; sourceTree = "<group>"; };
		9C467C66234F2A7D009F4D58 /* Surfboard.swift */ = {isa = PBXFileReference; lastKnownFileType = sourcecode.swift; path = Surfboard.swift; sourceTree = "<group>"; };
		9C4C54732349C28500FB2653 /* GuideViewController.storyboard */ = {isa = PBXFileReference; lastKnownFileType = file.storyboard; path = GuideViewController.storyboard; sourceTree = "<group>"; };
		9C53CE1B289E9497000969F2 /* MapModel.swift */ = {isa = PBXFileReference; fileEncoding = 4; lastKnownFileType = sourcecode.swift; path = MapModel.swift; sourceTree = "<group>"; };
		9C53CE1D289E94B5000969F2 /* SplashViewController.swift */ = {isa = PBXFileReference; fileEncoding = 4; lastKnownFileType = sourcecode.swift; path = SplashViewController.swift; sourceTree = "<group>"; };
		9C53D5BF234C126600A3BD80 /* StoryboardProtocol.swift */ = {isa = PBXFileReference; lastKnownFileType = sourcecode.swift; path = StoryboardProtocol.swift; sourceTree = "<group>"; };
		9C587297257FFA8300524BA7 /* ApiMapsRequest.swift */ = {isa = PBXFileReference; lastKnownFileType = sourcecode.swift; path = ApiMapsRequest.swift; sourceTree = "<group>"; };
		9C58729B258023D800524BA7 /* ApiEndpoint.swift */ = {isa = PBXFileReference; lastKnownFileType = sourcecode.swift; path = ApiEndpoint.swift; sourceTree = "<group>"; };
		9C5B6448232A506C000727E6 /* SurfCurve.app */ = {isa = PBXFileReference; explicitFileType = wrapper.application; includeInIndex = 0; path = SurfCurve.app; sourceTree = BUILT_PRODUCTS_DIR; };
		9C5B644B232A506C000727E6 /* AppDelegate.swift */ = {isa = PBXFileReference; lastKnownFileType = sourcecode.swift; path = AppDelegate.swift; sourceTree = "<group>"; };
		9C5B644F232A506C000727E6 /* PriceCalculatorViewController.swift */ = {isa = PBXFileReference; lastKnownFileType = sourcecode.swift; path = PriceCalculatorViewController.swift; sourceTree = "<group>"; };
		9C5B6455232A506C000727E6 /* TradeMySurf.xcdatamodel */ = {isa = PBXFileReference; lastKnownFileType = wrapper.xcdatamodel; path = TradeMySurf.xcdatamodel; sourceTree = "<group>"; };
		9C5B6457232A5073000727E6 /* Assets.xcassets */ = {isa = PBXFileReference; lastKnownFileType = folder.assetcatalog; path = Assets.xcassets; sourceTree = "<group>"; };
		9C5B6461232A5073000727E6 /* TradeMySurfTests.xctest */ = {isa = PBXFileReference; explicitFileType = wrapper.cfbundle; includeInIndex = 0; path = TradeMySurfTests.xctest; sourceTree = BUILT_PRODUCTS_DIR; };
		9C5B646C232A5073000727E6 /* TradeMySurfUITests.xctest */ = {isa = PBXFileReference; explicitFileType = wrapper.cfbundle; includeInIndex = 0; path = TradeMySurfUITests.xctest; sourceTree = BUILT_PRODUCTS_DIR; };
		9C5B6470232A5073000727E6 /* TradeMySurfUITests.swift */ = {isa = PBXFileReference; lastKnownFileType = sourcecode.swift; path = TradeMySurfUITests.swift; sourceTree = "<group>"; };
		9C5B64CA2B1697A200360CAF /* AppRoot.swift */ = {isa = PBXFileReference; fileEncoding = 4; lastKnownFileType = sourcecode.swift; path = AppRoot.swift; sourceTree = "<group>"; };
		9C5B64D32B16A07900360CAF /* Helper.swift */ = {isa = PBXFileReference; fileEncoding = 4; lastKnownFileType = sourcecode.swift; path = Helper.swift; sourceTree = "<group>"; };
		9C62416D238AE68E00A4B7C9 /* ReuseIdentifierHelper.swift */ = {isa = PBXFileReference; lastKnownFileType = sourcecode.swift; path = ReuseIdentifierHelper.swift; sourceTree = "<group>"; };
		9C62416F238AE75000A4B7C9 /* MockService.swift */ = {isa = PBXFileReference; lastKnownFileType = sourcecode.swift; path = MockService.swift; sourceTree = "<group>"; };
		9C624171238AE81A00A4B7C9 /* SurfTip.swift */ = {isa = PBXFileReference; lastKnownFileType = sourcecode.swift; path = SurfTip.swift; sourceTree = "<group>"; };
		9C624173238AFC1400A4B7C9 /* SmallTableViewCell.swift */ = {isa = PBXFileReference; lastKnownFileType = sourcecode.swift; path = SmallTableViewCell.swift; sourceTree = "<group>"; };
		9C624177238B107B00A4B7C9 /* SurfboardCollectionViewCell.swift */ = {isa = PBXFileReference; lastKnownFileType = sourcecode.swift; path = SurfboardCollectionViewCell.swift; sourceTree = "<group>"; };
		9C624179238B374800A4B7C9 /* LocationaCollectionViewCell.swift */ = {isa = PBXFileReference; lastKnownFileType = sourcecode.swift; path = LocationaCollectionViewCell.swift; sourceTree = "<group>"; };
		9C62417B239156C200A4B7C9 /* UserDefaultsHelper.swift */ = {isa = PBXFileReference; lastKnownFileType = sourcecode.swift; path = UserDefaultsHelper.swift; sourceTree = "<group>"; };
		9C627C7D2BF291B400CD16C4 /* ThemeProtocol.swift */ = {isa = PBXFileReference; lastKnownFileType = sourcecode.swift; path = ThemeProtocol.swift; sourceTree = "<group>"; };
		9C627C7F2BF291D400CD16C4 /* SurfTheme.swift */ = {isa = PBXFileReference; lastKnownFileType = sourcecode.swift; path = SurfTheme.swift; sourceTree = "<group>"; };
		9C627C812BF2927900CD16C4 /* Colors.xcassets */ = {isa = PBXFileReference; lastKnownFileType = folder.assetcatalog; path = Colors.xcassets; sourceTree = "<group>"; };
		9C627C832BF299EA00CD16C4 /* ThemeManager.swift */ = {isa = PBXFileReference; lastKnownFileType = sourcecode.swift; path = ThemeManager.swift; sourceTree = "<group>"; };
		9C65758B24111E0100CCF6AF /* TabBarVC.storyboard */ = {isa = PBXFileReference; lastKnownFileType = file.storyboard; path = TabBarVC.storyboard; sourceTree = "<group>"; };
		9C69CE75234CD9B9003E386F /* Location.swift */ = {isa = PBXFileReference; lastKnownFileType = sourcecode.swift; path = Location.swift; sourceTree = "<group>"; };
		9C69CE84234D06D7003E386F /* PriceCalculatorViewController.storyboard */ = {isa = PBXFileReference; lastKnownFileType = file.storyboard; path = PriceCalculatorViewController.storyboard; sourceTree = "<group>"; };
		9C69CE86234D0749003E386F /* Welcome.storyboard */ = {isa = PBXFileReference; lastKnownFileType = file.storyboard; path = Welcome.storyboard; sourceTree = "<group>"; };
		9C6F64CF2379FB7800B0224D /* Constants.swift */ = {isa = PBXFileReference; lastKnownFileType = sourcecode.swift; path = Constants.swift; sourceTree = "<group>"; };
		9C71A14B2348946C00A67323 /* Info.plist */ = {isa = PBXFileReference; fileEncoding = 4; lastKnownFileType = text.plist.xml; path = Info.plist; sourceTree = "<group>"; };
		9C71A14E234894CD00A67323 /* Info.plist */ = {isa = PBXFileReference; fileEncoding = 4; lastKnownFileType = text.plist.xml; path = Info.plist; sourceTree = "<group>"; };
		9C71A150234894D500A67323 /* Info.plist */ = {isa = PBXFileReference; fileEncoding = 4; lastKnownFileType = text.plist.xml; path = Info.plist; sourceTree = "<group>"; };
		9C73E26523B963570028B9AC /* CoordinatorPresenting.swift */ = {isa = PBXFileReference; lastKnownFileType = sourcecode.swift; path = CoordinatorPresenting.swift; sourceTree = "<group>"; };
		9C73E26723B964560028B9AC /* CoordinatorUIKit.swift */ = {isa = PBXFileReference; lastKnownFileType = sourcecode.swift; path = CoordinatorUIKit.swift; sourceTree = "<group>"; };
		9C76F09323493DAB00853FD9 /* WelcomeViewController.swift */ = {isa = PBXFileReference; lastKnownFileType = sourcecode.swift; path = WelcomeViewController.swift; sourceTree = "<group>"; };
		9C76F09523493EDA00853FD9 /* SurfTripViewController.swift */ = {isa = PBXFileReference; lastKnownFileType = sourcecode.swift; path = SurfTripViewController.swift; sourceTree = "<group>"; };
		9C76F09723493F0900853FD9 /* GuideViewController.swift */ = {isa = PBXFileReference; lastKnownFileType = sourcecode.swift; path = GuideViewController.swift; sourceTree = "<group>"; };
		9C8939AD2CBC405B008B7A45 /* RootViewApp.swift */ = {isa = PBXFileReference; lastKnownFileType = sourcecode.swift; path = RootViewApp.swift; sourceTree = "<group>"; };
		9C8939AF2CBC4089008B7A45 /* SplashView.swift */ = {isa = PBXFileReference; lastKnownFileType = sourcecode.swift; path = SplashView.swift; sourceTree = "<group>"; };
		9C8939B12CBC40C4008B7A45 /* WelcomeView.swift */ = {isa = PBXFileReference; lastKnownFileType = sourcecode.swift; path = WelcomeView.swift; sourceTree = "<group>"; };
		9C8939B32CBC411F008B7A45 /* ButtonAnimateColor.swift */ = {isa = PBXFileReference; lastKnownFileType = sourcecode.swift; name = ButtonAnimateColor.swift; path = TradeMySurf/SwiftUI/Onboarding/ButtonAnimateColor.swift; sourceTree = SOURCE_ROOT; };
		9C8939B52CBC414E008B7A45 /* AlertButtonView.swift */ = {isa = PBXFileReference; lastKnownFileType = sourcecode.swift; name = AlertButtonView.swift; path = TradeMySurf/SwiftUI/Onboarding/AlertButtonView.swift; sourceTree = SOURCE_ROOT; };
		9C8939B72CBC418B008B7A45 /* AlertSwiftUIView.swift */ = {isa = PBXFileReference; lastKnownFileType = sourcecode.swift; name = AlertSwiftUIView.swift; path = TradeMySurf/SwiftUI/Onboarding/AlertSwiftUIView.swift; sourceTree = SOURCE_ROOT; };
		9C89B61B23DA40D400DB8DDF /* UIView+Shadow.swift */ = {isa = PBXFileReference; fileEncoding = 4; lastKnownFileType = sourcecode.swift; path = "UIView+Shadow.swift"; sourceTree = "<group>"; };
		9C89B61D23DA41A600DB8DDF /* BaseNavigationController.swift */ = {isa = PBXFileReference; lastKnownFileType = sourcecode.swift; path = BaseNavigationController.swift; sourceTree = "<group>"; };
		9C8F32FB239943350070751F /* SplashViewController.storyboard */ = {isa = PBXFileReference; lastKnownFileType = file.storyboard; path = SplashViewController.storyboard; sourceTree = "<group>"; };
		9C8F32FD239946090070751F /* logo_final.json */ = {isa = PBXFileReference; fileEncoding = 4; lastKnownFileType = text.json; path = logo_final.json; sourceTree = "<group>"; };
		9C8F32FE239946090070751F /* loader_animation.json */ = {isa = PBXFileReference; fileEncoding = 4; lastKnownFileType = text.json; path = loader_animation.json; sourceTree = "<group>"; };
		9C8F330123994CDD0070751F /* FontHelper.swift */ = {isa = PBXFileReference; lastKnownFileType = sourcecode.swift; path = FontHelper.swift; sourceTree = "<group>"; };
		9C90A22A2388887700E735D3 /* clip-board.json */ = {isa = PBXFileReference; fileEncoding = 4; lastKnownFileType = text.json; path = "clip-board.json"; sourceTree = "<group>"; };
		9C90A22E2388888B00E735D3 /* shop.json */ = {isa = PBXFileReference; fileEncoding = 4; lastKnownFileType = text.json; path = shop.json; sourceTree = "<group>"; };
		9C90A232238897A400E735D3 /* air.json */ = {isa = PBXFileReference; fileEncoding = 4; lastKnownFileType = text.json; path = air.json; sourceTree = "<group>"; };
		9C90BC542386BD020090E346 /* Enums.swift */ = {isa = PBXFileReference; lastKnownFileType = sourcecode.swift; path = Enums.swift; sourceTree = "<group>"; };
		9C9F836B2366BDAA00FA4F41 /* TabBarCoordinatorTests.swift */ = {isa = PBXFileReference; lastKnownFileType = sourcecode.swift; path = TabBarCoordinatorTests.swift; sourceTree = "<group>"; };
		9CAECD572BE539E300F0E7AC /* AvenirNextCyr-UltraLight.ttf */ = {isa = PBXFileReference; lastKnownFileType = file; path = "AvenirNextCyr-UltraLight.ttf"; sourceTree = "<group>"; };
		9CAECD582BE539E300F0E7AC /* AvenirNextCyr-Heavy.ttf */ = {isa = PBXFileReference; lastKnownFileType = file; path = "AvenirNextCyr-Heavy.ttf"; sourceTree = "<group>"; };
		9CAECD592BE539E300F0E7AC /* AvenirNextCyr-Light.ttf */ = {isa = PBXFileReference; lastKnownFileType = file; path = "AvenirNextCyr-Light.ttf"; sourceTree = "<group>"; };
		9CAECD5A2BE539E300F0E7AC /* AvenirNextCyr-Medium.ttf */ = {isa = PBXFileReference; lastKnownFileType = file; path = "AvenirNextCyr-Medium.ttf"; sourceTree = "<group>"; };
		9CAECD5B2BE539E300F0E7AC /* AvenirNextCyr-LightItalic.ttf */ = {isa = PBXFileReference; lastKnownFileType = file; path = "AvenirNextCyr-LightItalic.ttf"; sourceTree = "<group>"; };
		9CAECD5C2BE539E300F0E7AC /* AvenirNextCyr-Demi.ttf */ = {isa = PBXFileReference; lastKnownFileType = file; path = "AvenirNextCyr-Demi.ttf"; sourceTree = "<group>"; };
		9CAECD5D2BE539E300F0E7AC /* AvenirNextCyr-Regular.ttf */ = {isa = PBXFileReference; lastKnownFileType = file; path = "AvenirNextCyr-Regular.ttf"; sourceTree = "<group>"; };
		9CB161552BE0335D0031C913 /* AddLevelView.swift */ = {isa = PBXFileReference; lastKnownFileType = sourcecode.swift; path = AddLevelView.swift; sourceTree = "<group>"; };
		9CBDE2972395A9E600317F51 /* TimeHelper.swift */ = {isa = PBXFileReference; lastKnownFileType = sourcecode.swift; path = TimeHelper.swift; sourceTree = "<group>"; };
		9CC4F8E923CA536A00F3ABAB /* Surfs.mlmodel */ = {isa = PBXFileReference; lastKnownFileType = file.mlmodel; name = Surfs.mlmodel; path = ../../Working/Surfboards/Surfs.mlmodel; sourceTree = "<group>"; };
		9CE09C2F2413FAFA00F0FE08 /* TabItemView.xib */ = {isa = PBXFileReference; lastKnownFileType = file.xib; path = TabItemView.xib; sourceTree = "<group>"; };
		9CE21BB02507C9BF00B6B20C /* LocationViewController.storyboard */ = {isa = PBXFileReference; fileEncoding = 4; lastKnownFileType = file.storyboard; path = LocationViewController.storyboard; sourceTree = "<group>"; };
		9CE21BB12507C9BF00B6B20C /* LocationViewController.swift */ = {isa = PBXFileReference; fileEncoding = 4; lastKnownFileType = sourcecode.swift; path = LocationViewController.swift; sourceTree = "<group>"; };
		9CEFD7432CBC07C70003DCF4 /* TabbarEntrySwiftUI.swift */ = {isa = PBXFileReference; lastKnownFileType = sourcecode.swift; path = TabbarEntrySwiftUI.swift; sourceTree = "<group>"; };
		9CEFD7452CBC142A0003DCF4 /* RecommendedView.swift */ = {isa = PBXFileReference; lastKnownFileType = sourcecode.swift; path = RecommendedView.swift; sourceTree = "<group>"; };
		9CF1CC23241136950067533C /* TabBarVC.swift */ = {isa = PBXFileReference; lastKnownFileType = sourcecode.swift; path = TabBarVC.swift; sourceTree = "<group>"; };
		9CF77BDB24101D8300C92725 /* TabbarEntry.swift */ = {isa = PBXFileReference; fileEncoding = 4; lastKnownFileType = sourcecode.swift; path = TabbarEntry.swift; sourceTree = "<group>"; };
		9CF77BDF24104B9400C92725 /* AlertContainerView.swift */ = {isa = PBXFileReference; lastKnownFileType = sourcecode.swift; path = AlertContainerView.swift; sourceTree = "<group>"; };
		9CF77BE72410669B00C92725 /* TabItemView.swift */ = {isa = PBXFileReference; lastKnownFileType = sourcecode.swift; path = TabItemView.swift; sourceTree = "<group>"; };
		9CF77BE92410690000C92725 /* UIView+Constraints.swift */ = {isa = PBXFileReference; lastKnownFileType = sourcecode.swift; path = "UIView+Constraints.swift"; sourceTree = "<group>"; };
		9CF77BEB241069BA00C92725 /* UIViewController+ChildViewController.swift */ = {isa = PBXFileReference; lastKnownFileType = sourcecode.swift; path = "UIViewController+ChildViewController.swift"; sourceTree = "<group>"; };
		9CF77BED24106A1A00C92725 /* Array+Extension.swift */ = {isa = PBXFileReference; lastKnownFileType = sourcecode.swift; path = "Array+Extension.swift"; sourceTree = "<group>"; };
		9CF936E823CBC0AB00A8C72D /* UIView+Gradient.swift */ = {isa = PBXFileReference; lastKnownFileType = sourcecode.swift; path = "UIView+Gradient.swift"; sourceTree = "<group>"; };
		9CFDFD35236718E400760F25 /* CoordinatorTests.swift */ = {isa = PBXFileReference; lastKnownFileType = sourcecode.swift; path = CoordinatorTests.swift; sourceTree = "<group>"; };
		9CFDFD3A2367220300760F25 /* AddLevelViewController.storyboard */ = {isa = PBXFileReference; lastKnownFileType = file.storyboard; path = AddLevelViewController.storyboard; sourceTree = "<group>"; };
		9CFDFD3C2367221C00760F25 /* AddDateViewController.storyboard */ = {isa = PBXFileReference; lastKnownFileType = file.storyboard; path = AddDateViewController.storyboard; sourceTree = "<group>"; };
		9CFDFD3E2367226C00760F25 /* AddDateViewController.swift */ = {isa = PBXFileReference; lastKnownFileType = sourcecode.swift; path = AddDateViewController.swift; sourceTree = "<group>"; };
		9CFDFD402367228300760F25 /* AddLevelViewController.swift */ = {isa = PBXFileReference; lastKnownFileType = sourcecode.swift; path = AddLevelViewController.swift; sourceTree = "<group>"; };
		CDD5482363EBB48A0782A828 /* Pods_TradeMySurfTests.framework */ = {isa = PBXFileReference; explicitFileType = wrapper.framework; includeInIndex = 0; path = Pods_TradeMySurfTests.framework; sourceTree = BUILT_PRODUCTS_DIR; };
		EC03F18041F56133B109FCF2 /* Pods_TradeMySurf.framework */ = {isa = PBXFileReference; explicitFileType = wrapper.framework; includeInIndex = 0; path = Pods_TradeMySurf.framework; sourceTree = BUILT_PRODUCTS_DIR; };
/* End PBXFileReference section */

/* Begin PBXFrameworksBuildPhase section */
		9C5B6445232A506C000727E6 /* Frameworks */ = {
			isa = PBXFrameworksBuildPhase;
			buildActionMask = 2147483647;
			files = (
				C0E8BF8BC57ED015A56DC270 /* Pods_TradeMySurf.framework in Frameworks */,
			);
			runOnlyForDeploymentPostprocessing = 0;
		};
		9C5B645E232A5073000727E6 /* Frameworks */ = {
			isa = PBXFrameworksBuildPhase;
			buildActionMask = 2147483647;
			files = (
				C7D01567D3461FFD2B36154F /* Pods_TradeMySurfTests.framework in Frameworks */,
			);
			runOnlyForDeploymentPostprocessing = 0;
		};
		9C5B6469232A5073000727E6 /* Frameworks */ = {
			isa = PBXFrameworksBuildPhase;
			buildActionMask = 2147483647;
			files = (
			);
			runOnlyForDeploymentPostprocessing = 0;
		};
/* End PBXFrameworksBuildPhase section */

/* Begin PBXGroup section */
		1A4D14CCE10F5D1951A9A112 /* Pods */ = {
			isa = PBXGroup;
			children = (
				73594BCA3A691E66914D3EEA /* Pods-TradeMySurf.debug.xcconfig */,
				2A0124D5F3B03C0085DAD269 /* Pods-TradeMySurf.release.xcconfig */,
				3A1C042CB9EFA0254C2988FE /* Pods-TradeMySurfTests.debug.xcconfig */,
				4510A5DB5E6D5379DA0C696C /* Pods-TradeMySurfTests.release.xcconfig */,
			);
			path = Pods;
			sourceTree = "<group>";
		};
		92CC33C91AF539EB699BFCE0 /* Frameworks */ = {
			isa = PBXGroup;
			children = (
				EC03F18041F56133B109FCF2 /* Pods_TradeMySurf.framework */,
				CDD5482363EBB48A0782A828 /* Pods_TradeMySurfTests.framework */,
			);
			name = Frameworks;
			sourceTree = "<group>";
		};
		9C0517852BE1737200DDBFDC /* Onboarding */ = {
			isa = PBXGroup;
			children = (
				9C8939AF2CBC4089008B7A45 /* SplashView.swift */,
				9CB161552BE0335D0031C913 /* AddLevelView.swift */,
				9C8939AD2CBC405B008B7A45 /* RootViewApp.swift */,
				9C8939B12CBC40C4008B7A45 /* WelcomeView.swift */,
			);
			path = Onboarding;
			sourceTree = "<group>";
		};
		9C0517862BE173EA00DDBFDC /* Main */ = {
			isa = PBXGroup;
			children = (
				9C0517872BE1745000DDBFDC /* CalculatorView.swift */,
				9C05178B2BE1746D00DDBFDC /* GuideView.swift */,
				9CEFD7452CBC142A0003DCF4 /* RecommendedView.swift */,
			);
			path = Main;
			sourceTree = "<group>";
		};
		9C05178D2BE17FD100DDBFDC /* TabBar */ = {
			isa = PBXGroup;
			children = (
				9C0517892BE1745D00DDBFDC /* MainView.swift */,
			);
			path = TabBar;
			sourceTree = "<group>";
		};
		9C1630CA24157A4B00DB9BBC /* Detail */ = {
			isa = PBXGroup;
			children = (
				9CE21BB02507C9BF00B6B20C /* LocationViewController.storyboard */,
				9CE21BB12507C9BF00B6B20C /* LocationViewController.swift */,
				9C31EB8B23E3AB1A00060143 /* DetailViewController.swift */,
				9C31EB8923E3AA2100060143 /* DetailViewController.storyboard */,
			);
			path = Detail;
			sourceTree = "<group>";
		};
		9C2F087B2B168D3700AE67D9 /* UIKit */ = {
			isa = PBXGroup;
			children = (
				9C90BC532386BCE50090E346 /* Helpers */,
				9C6F64C52379BD7E00B0224D /* SupportingViews */,
				9C3F533B234BD7F900D5F65E /* Protocols */,
				9CC59F15234AA3B200F5ADD0 /* Coordinators */,
				9C76F09F2349471000853FD9 /* ViewControllers */,
			);
			path = UIKit;
			sourceTree = "<group>";
		};
		9C2F087E2B168FED00AE67D9 /* SwiftUI */ = {
			isa = PBXGroup;
			children = (
				9C664C522CBD485E00E19023 /* SwiftUIViews */,
				9C05178D2BE17FD100DDBFDC /* TabBar */,
				9C0517862BE173EA00DDBFDC /* Main */,
				9C0517852BE1737200DDBFDC /* Onboarding */,
				9C627C7C2BF2917700CD16C4 /* Utilities */,
				9C5B64D12B16A03500360CAF /* Helpers */,
				9C5B64CA2B1697A200360CAF /* AppRoot.swift */,
			);
			path = SwiftUI;
			sourceTree = "<group>";
		};
		9C3F533B234BD7F900D5F65E /* Protocols */ = {
			isa = PBXGroup;
			children = (
				9C53D5BF234C126600A3BD80 /* StoryboardProtocol.swift */,
				9C73E26523B963570028B9AC /* CoordinatorPresenting.swift */,
			);
			path = Protocols;
			sourceTree = "<group>";
		};
		9C53D5C7234CB18600A3BD80 /* Guide */ = {
			isa = PBXGroup;
			children = (
				9C4C54732349C28500FB2653 /* GuideViewController.storyboard */,
				9C76F09723493F0900853FD9 /* GuideViewController.swift */,
			);
			path = Guide;
			sourceTree = "<group>";
		};
		9C53D5C8234CB19900A3BD80 /* SurfTrip */ = {
			isa = PBXGroup;
			children = (
				9C45E660234D238E0054A5FD /* SurfTripViewController.storyboard */,
				9C76F09523493EDA00853FD9 /* SurfTripViewController.swift */,
			);
			path = SurfTrip;
			sourceTree = "<group>";
		};
		9C53D5C9234CB1A800A3BD80 /* Calculator */ = {
			isa = PBXGroup;
			children = (
				9C69CE84234D06D7003E386F /* PriceCalculatorViewController.storyboard */,
				9C5B644F232A506C000727E6 /* PriceCalculatorViewController.swift */,
			);
			path = Calculator;
			sourceTree = "<group>";
		};
		9C587296257FFA4B00524BA7 /* Services */ = {
			isa = PBXGroup;
			children = (
				9C587297257FFA8300524BA7 /* ApiMapsRequest.swift */,
				9C58729B258023D800524BA7 /* ApiEndpoint.swift */,
				9C62416F238AE75000A4B7C9 /* MockService.swift */,
			);
			path = Services;
			sourceTree = "<group>";
		};
		9C5B643F232A506C000727E6 = {
			isa = PBXGroup;
			children = (
				9C5B644A232A506C000727E6 /* TradeMySurf */,
				9C5B6464232A5073000727E6 /* TradeMySurfTests */,
				9C5B646F232A5073000727E6 /* TradeMySurfUITests */,
				9C5B6449232A506C000727E6 /* Products */,
				1A4D14CCE10F5D1951A9A112 /* Pods */,
				92CC33C91AF539EB699BFCE0 /* Frameworks */,
			);
			sourceTree = "<group>";
		};
		9C5B6449232A506C000727E6 /* Products */ = {
			isa = PBXGroup;
			children = (
				9C5B6448232A506C000727E6 /* SurfCurve.app */,
				9C5B6461232A5073000727E6 /* TradeMySurfTests.xctest */,
				9C5B646C232A5073000727E6 /* TradeMySurfUITests.xctest */,
			);
			name = Products;
			sourceTree = "<group>";
		};
		9C5B644A232A506C000727E6 /* TradeMySurf */ = {
			isa = PBXGroup;
			children = (
				9C2F087E2B168FED00AE67D9 /* SwiftUI */,
				9C2F087B2B168D3700AE67D9 /* UIKit */,
				9C5B644B232A506C000727E6 /* AppDelegate.swift */,
				9C6F64CF2379FB7800B0224D /* Constants.swift */,
				9C587296257FFA4B00524BA7 /* Services */,
				9C62417D23915AA800A4B7C9 /* Enums */,
				9C69CE74234CD992003E386F /* Models */,
				9C76F09E234946D500853FD9 /* Resources */,
				9CC4F8E923CA536A00F3ABAB /* Surfs.mlmodel */,
				9C71A14B2348946C00A67323 /* Info.plist */,
				9C5B6454232A506C000727E6 /* TradeMySurf.xcdatamodeld */,
			);
			path = TradeMySurf;
			sourceTree = "<group>";
		};
		9C5B6464232A5073000727E6 /* TradeMySurfTests */ = {
			isa = PBXGroup;
			children = (
				9CFDFD35236718E400760F25 /* CoordinatorTests.swift */,
				9C9F836B2366BDAA00FA4F41 /* TabBarCoordinatorTests.swift */,
				9C71A14E234894CD00A67323 /* Info.plist */,
			);
			path = TradeMySurfTests;
			sourceTree = "<group>";
		};
		9C5B646F232A5073000727E6 /* TradeMySurfUITests */ = {
			isa = PBXGroup;
			children = (
				9C5B6470232A5073000727E6 /* TradeMySurfUITests.swift */,
				9C71A150234894D500A67323 /* Info.plist */,
			);
			path = TradeMySurfUITests;
			sourceTree = "<group>";
		};
		9C5B64D12B16A03500360CAF /* Helpers */ = {
			isa = PBXGroup;
			children = (
				9C5B64D32B16A07900360CAF /* Helper.swift */,
			);
			path = Helpers;
			sourceTree = "<group>";
		};
		9C62416C238AE35100A4B7C9 /* Cells */ = {
			isa = PBXGroup;
			children = (
				9C624173238AFC1400A4B7C9 /* SmallTableViewCell.swift */,
				9C624177238B107B00A4B7C9 /* SurfboardCollectionViewCell.swift */,
				9C624179238B374800A4B7C9 /* LocationaCollectionViewCell.swift */,
			);
			path = Cells;
			sourceTree = "<group>";
		};
		9C62417D23915AA800A4B7C9 /* Enums */ = {
			isa = PBXGroup;
			children = (
				9CF77BDB24101D8300C92725 /* TabbarEntry.swift */,
				9C90BC542386BD020090E346 /* Enums.swift */,
				9CEFD7432CBC07C70003DCF4 /* TabbarEntrySwiftUI.swift */,
			);
			path = Enums;
			sourceTree = "<group>";
		};
		9C627C7C2BF2917700CD16C4 /* Utilities */ = {
			isa = PBXGroup;
			children = (
				9C627C7D2BF291B400CD16C4 /* ThemeProtocol.swift */,
				9C627C7F2BF291D400CD16C4 /* SurfTheme.swift */,
				9C627C832BF299EA00CD16C4 /* ThemeManager.swift */,
			);
			path = Utilities;
			sourceTree = "<group>";
		};
		9C664C522CBD485E00E19023 /* SwiftUIViews */ = {
			isa = PBXGroup;
			children = (
				9C8939B32CBC411F008B7A45 /* ButtonAnimateColor.swift */,
				9C8939B72CBC418B008B7A45 /* AlertSwiftUIView.swift */,
				9C8939B52CBC414E008B7A45 /* AlertButtonView.swift */,
			);
			path = SwiftUIViews;
			sourceTree = "<group>";
		};
		9C69CE74234CD992003E386F /* Models */ = {
			isa = PBXGroup;
			children = (
				9C53CE1B289E9497000969F2 /* MapModel.swift */,
				9C69CE75234CD9B9003E386F /* Location.swift */,
				9C467C66234F2A7D009F4D58 /* Surfboard.swift */,
				9C624171238AE81A00A4B7C9 /* SurfTip.swift */,
			);
			path = Models;
			sourceTree = "<group>";
		};
		9C69CE88234D1D87003E386F /* WelcomePage */ = {
			isa = PBXGroup;
			children = (
				9C69CE86234D0749003E386F /* Welcome.storyboard */,
				9C76F09323493DAB00853FD9 /* WelcomeViewController.swift */,
			);
			path = WelcomePage;
			sourceTree = "<group>";
		};
		9C6F64C52379BD7E00B0224D /* SupportingViews */ = {
			isa = PBXGroup;
			children = (
				9C62416C238AE35100A4B7C9 /* Cells */,
				9C3CC3DD23C75EE800359368 /* SupplementaryViews.swift */,
				9CF77BDF24104B9400C92725 /* AlertContainerView.swift */,
				9CF77BE72410669B00C92725 /* TabItemView.swift */,
				9CE09C2F2413FAFA00F0FE08 /* TabItemView.xib */,
			);
			path = SupportingViews;
			sourceTree = "<group>";
		};
		9C73011523C51F0900B98F8C /* TabBarVC */ = {
			isa = PBXGroup;
			children = (
				9C65758B24111E0100CCF6AF /* TabBarVC.storyboard */,
				9CF1CC23241136950067533C /* TabBarVC.swift */,
				9C53D5C9234CB1A800A3BD80 /* Calculator */,
				9C53D5C8234CB19900A3BD80 /* SurfTrip */,
				9C53D5C7234CB18600A3BD80 /* Guide */,
			);
			path = TabBarVC;
			sourceTree = "<group>";
		};
		9C76F09E234946D500853FD9 /* Resources */ = {
			isa = PBXGroup;
			children = (
				9CAECD562BE5374200F0E7AC /* Fonts */,
				9C90A2232388812400E735D3 /* Lottie */,
				9C5B6457232A5073000727E6 /* Assets.xcassets */,
				9C627C812BF2927900CD16C4 /* Colors.xcassets */,
			);
			path = Resources;
			sourceTree = "<group>";
		};
		9C76F09F2349471000853FD9 /* ViewControllers */ = {
			isa = PBXGroup;
			children = (
				9C53CE1D289E94B5000969F2 /* SplashViewController.swift */,
				9C1630CA24157A4B00DB9BBC /* Detail */,
				9C8F32FB239943350070751F /* SplashViewController.storyboard */,
				9CFDFD3723671C2500760F25 /* Onboarding */,
				9C73011523C51F0900B98F8C /* TabBarVC */,
				9C89B61D23DA41A600DB8DDF /* BaseNavigationController.swift */,
			);
			path = ViewControllers;
			sourceTree = "<group>";
		};
		9C90A2232388812400E735D3 /* Lottie */ = {
			isa = PBXGroup;
			children = (
				9C8F32FE239946090070751F /* loader_animation.json */,
				9C8F32FD239946090070751F /* logo_final.json */,
				9C193AFA23A2ACA7000DE1AB /* coin-wallet.json */,
				9C90A232238897A400E735D3 /* air.json */,
				9C90A22E2388888B00E735D3 /* shop.json */,
				9C90A22A2388887700E735D3 /* clip-board.json */,
			);
			path = Lottie;
			sourceTree = "<group>";
		};
		9C90BC532386BCE50090E346 /* Helpers */ = {
			isa = PBXGroup;
			children = (
				9C89B61B23DA40D400DB8DDF /* UIView+Shadow.swift */,
				9C62417B239156C200A4B7C9 /* UserDefaultsHelper.swift */,
				9C62416D238AE68E00A4B7C9 /* ReuseIdentifierHelper.swift */,
				9CBDE2972395A9E600317F51 /* TimeHelper.swift */,
				9C8F330123994CDD0070751F /* FontHelper.swift */,
				9CF936E823CBC0AB00A8C72D /* UIView+Gradient.swift */,
				9CF77BE92410690000C92725 /* UIView+Constraints.swift */,
				9CF77BEB241069BA00C92725 /* UIViewController+ChildViewController.swift */,
				9CF77BED24106A1A00C92725 /* Array+Extension.swift */,
			);
			path = Helpers;
			sourceTree = "<group>";
		};
		9CAECD562BE5374200F0E7AC /* Fonts */ = {
			isa = PBXGroup;
			children = (
				9CAECD5C2BE539E300F0E7AC /* AvenirNextCyr-Demi.ttf */,
				9CAECD582BE539E300F0E7AC /* AvenirNextCyr-Heavy.ttf */,
				9CAECD592BE539E300F0E7AC /* AvenirNextCyr-Light.ttf */,
				9CAECD5B2BE539E300F0E7AC /* AvenirNextCyr-LightItalic.ttf */,
				9CAECD5A2BE539E300F0E7AC /* AvenirNextCyr-Medium.ttf */,
				9CAECD5D2BE539E300F0E7AC /* AvenirNextCyr-Regular.ttf */,
				9CAECD572BE539E300F0E7AC /* AvenirNextCyr-UltraLight.ttf */,
			);
			path = Fonts;
			sourceTree = "<group>";
		};
		9CC59F15234AA3B200F5ADD0 /* Coordinators */ = {
			isa = PBXGroup;
			children = (
				9C73E26723B964560028B9AC /* CoordinatorUIKit.swift */,
			);
			path = Coordinators;
			sourceTree = "<group>";
		};
		9CFDFD3723671C2500760F25 /* Onboarding */ = {
			isa = PBXGroup;
			children = (
				9C69CE88234D1D87003E386F /* WelcomePage */,
				9CFDFD38236721B900760F25 /* AddLevelPage */,
				9CFDFD39236721C700760F25 /* AddDatePage */,
			);
			path = Onboarding;
			sourceTree = "<group>";
		};
		9CFDFD38236721B900760F25 /* AddLevelPage */ = {
			isa = PBXGroup;
			children = (
				9CFDFD3A2367220300760F25 /* AddLevelViewController.storyboard */,
				9CFDFD402367228300760F25 /* AddLevelViewController.swift */,
			);
			path = AddLevelPage;
			sourceTree = "<group>";
		};
		9CFDFD39236721C700760F25 /* AddDatePage */ = {
			isa = PBXGroup;
			children = (
				9CFDFD3C2367221C00760F25 /* AddDateViewController.storyboard */,
				9CFDFD3E2367226C00760F25 /* AddDateViewController.swift */,
			);
			path = AddDatePage;
			sourceTree = "<group>";
		};
/* End PBXGroup section */

/* Begin PBXNativeTarget section */
		9C5B6447232A506C000727E6 /* TradeMySurf */ = {
			isa = PBXNativeTarget;
			buildConfigurationList = 9C5B6475232A5073000727E6 /* Build configuration list for PBXNativeTarget "TradeMySurf" */;
			buildPhases = (
				4D9E37785751AB379EFE9D94 /* [CP] Check Pods Manifest.lock */,
				9C5B6444232A506C000727E6 /* Sources */,
				9C5B6445232A506C000727E6 /* Frameworks */,
				9C5B6446232A506C000727E6 /* Resources */,
				50836E4BF80526DB1CF33D8B /* [CP] Embed Pods Frameworks */,
			);
			buildRules = (
			);
			dependencies = (
			);
			name = TradeMySurf;
			productName = TradeMySurf;
			productReference = 9C5B6448232A506C000727E6 /* SurfCurve.app */;
			productType = "com.apple.product-type.application";
		};
		9C5B6460232A5073000727E6 /* TradeMySurfTests */ = {
			isa = PBXNativeTarget;
			buildConfigurationList = 9C5B6478232A5073000727E6 /* Build configuration list for PBXNativeTarget "TradeMySurfTests" */;
			buildPhases = (
				CEE4F4BDB2961797D17A282B /* [CP] Check Pods Manifest.lock */,
				9C5B645D232A5073000727E6 /* Sources */,
				9C5B645E232A5073000727E6 /* Frameworks */,
				9C5B645F232A5073000727E6 /* Resources */,
			);
			buildRules = (
			);
			dependencies = (
				9C5B6463232A5073000727E6 /* PBXTargetDependency */,
			);
			name = TradeMySurfTests;
			productName = TradeMySurfTests;
			productReference = 9C5B6461232A5073000727E6 /* TradeMySurfTests.xctest */;
			productType = "com.apple.product-type.bundle.unit-test";
		};
		9C5B646B232A5073000727E6 /* TradeMySurfUITests */ = {
			isa = PBXNativeTarget;
			buildConfigurationList = 9C5B647B232A5073000727E6 /* Build configuration list for PBXNativeTarget "TradeMySurfUITests" */;
			buildPhases = (
				9C5B6468232A5073000727E6 /* Sources */,
				9C5B6469232A5073000727E6 /* Frameworks */,
				9C5B646A232A5073000727E6 /* Resources */,
			);
			buildRules = (
			);
			dependencies = (
				9C5B646E232A5073000727E6 /* PBXTargetDependency */,
			);
			name = TradeMySurfUITests;
			productName = TradeMySurfUITests;
			productReference = 9C5B646C232A5073000727E6 /* TradeMySurfUITests.xctest */;
			productType = "com.apple.product-type.bundle.ui-testing";
		};
/* End PBXNativeTarget section */

/* Begin PBXProject section */
		9C5B6440232A506C000727E6 /* Project object */ = {
			isa = PBXProject;
			attributes = {
				BuildIndependentTargetsInParallel = YES;
				LastSwiftUpdateCheck = 1100;
				LastUpgradeCheck = 1530;
				ORGANIZATIONNAME = "Marina Huber";
				TargetAttributes = {
					9C5B6447232A506C000727E6 = {
						CreatedOnToolsVersion = 11.0;
					};
					9C5B6460232A5073000727E6 = {
						CreatedOnToolsVersion = 11.0;
						TestTargetID = 9C5B6447232A506C000727E6;
					};
					9C5B646B232A5073000727E6 = {
						CreatedOnToolsVersion = 11.0;
						TestTargetID = 9C5B6447232A506C000727E6;
					};
				};
			};
			buildConfigurationList = 9C5B6443232A506C000727E6 /* Build configuration list for PBXProject "TradeMySurf" */;
			compatibilityVersion = "Xcode 9.3";
			developmentRegion = en;
			hasScannedForEncodings = 0;
			knownRegions = (
				en,
				Base,
			);
			mainGroup = 9C5B643F232A506C000727E6;
			productRefGroup = 9C5B6449232A506C000727E6 /* Products */;
			projectDirPath = "";
			projectRoot = "";
			targets = (
				9C5B6447232A506C000727E6 /* TradeMySurf */,
				9C5B6460232A5073000727E6 /* TradeMySurfTests */,
				9C5B646B232A5073000727E6 /* TradeMySurfUITests */,
			);
		};
/* End PBXProject section */

/* Begin PBXResourcesBuildPhase section */
		9C5B6446232A506C000727E6 /* Resources */ = {
			isa = PBXResourcesBuildPhase;
			buildActionMask = 2147483647;
			files = (
				9C3CF4F42CA58F7C00E5D4E3 /* AvenirNextCyr-Demi.ttf in Resources */,
				9C3CF4F52CA58F7C00E5D4E3 /* AvenirNextCyr-Heavy.ttf in Resources */,
				9C3CF4F62CA58F7C00E5D4E3 /* AvenirNextCyr-Light.ttf in Resources */,
				9C3CF4F72CA58F7C00E5D4E3 /* AvenirNextCyr-LightItalic.ttf in Resources */,
				9C3CF4F82CA58F7C00E5D4E3 /* AvenirNextCyr-Medium.ttf in Resources */,
				9C3CF4F92CA58F7C00E5D4E3 /* AvenirNextCyr-Regular.ttf in Resources */,
				9C3CF4FA2CA58F7C00E5D4E3 /* AvenirNextCyr-UltraLight.ttf in Resources */,
				9C45E661234D238F0054A5FD /* SurfTripViewController.storyboard in Resources */,
				9C8F32FF239946090070751F /* logo_final.json in Resources */,
				9C31EB8A23E3AA2100060143 /* DetailViewController.storyboard in Resources */,
				9C8F3300239946090070751F /* loader_animation.json in Resources */,
				9C69CE87234D0749003E386F /* Welcome.storyboard in Resources */,
				9C5B6458232A5073000727E6 /* Assets.xcassets in Resources */,
				9C8F32FC239943350070751F /* SplashViewController.storyboard in Resources */,
				9C90A233238897A500E735D3 /* air.json in Resources */,
				9CFDFD3D2367221C00760F25 /* AddDateViewController.storyboard in Resources */,
				9C90A22B2388887700E735D3 /* clip-board.json in Resources */,
				9C4C54742349C28500FB2653 /* GuideViewController.storyboard in Resources */,
				9C6F64CE2379F86400B0224D /* AddLevelViewController.storyboard in Resources */,
				9C627C822BF2927900CD16C4 /* Colors.xcassets in Resources */,
				9CE21BB22507C9BF00B6B20C /* LocationViewController.storyboard in Resources */,
				9C90A22F2388888B00E735D3 /* shop.json in Resources */,
				9C193AFB23A2ACA7000DE1AB /* coin-wallet.json in Resources */,
				9C69CE85234D06D7003E386F /* PriceCalculatorViewController.storyboard in Resources */,
				9C65758C24111E0100CCF6AF /* TabBarVC.storyboard in Resources */,
				9CE09C302413FAFA00F0FE08 /* TabItemView.xib in Resources */,
			);
			runOnlyForDeploymentPostprocessing = 0;
		};
		9C5B645F232A5073000727E6 /* Resources */ = {
			isa = PBXResourcesBuildPhase;
			buildActionMask = 2147483647;
			files = (
			);
			runOnlyForDeploymentPostprocessing = 0;
		};
		9C5B646A232A5073000727E6 /* Resources */ = {
			isa = PBXResourcesBuildPhase;
			buildActionMask = 2147483647;
			files = (
			);
			runOnlyForDeploymentPostprocessing = 0;
		};
/* End PBXResourcesBuildPhase section */

/* Begin PBXShellScriptBuildPhase section */
		4D9E37785751AB379EFE9D94 /* [CP] Check Pods Manifest.lock */ = {
			isa = PBXShellScriptBuildPhase;
			buildActionMask = 2147483647;
			files = (
			);
			inputFileListPaths = (
			);
			inputPaths = (
				"${PODS_PODFILE_DIR_PATH}/Podfile.lock",
				"${PODS_ROOT}/Manifest.lock",
			);
			name = "[CP] Check Pods Manifest.lock";
			outputFileListPaths = (
			);
			outputPaths = (
				"$(DERIVED_FILE_DIR)/Pods-TradeMySurf-checkManifestLockResult.txt",
			);
			runOnlyForDeploymentPostprocessing = 0;
			shellPath = /bin/sh;
			shellScript = "diff \"${PODS_PODFILE_DIR_PATH}/Podfile.lock\" \"${PODS_ROOT}/Manifest.lock\" > /dev/null\nif [ $? != 0 ] ; then\n    # print error to STDERR\n    echo \"error: The sandbox is not in sync with the Podfile.lock. Run 'pod install' or update your CocoaPods installation.\" >&2\n    exit 1\nfi\n# This output is used by Xcode 'outputs' to avoid re-running this script phase.\necho \"SUCCESS\" > \"${SCRIPT_OUTPUT_FILE_0}\"\n";
			showEnvVarsInLog = 0;
		};
		50836E4BF80526DB1CF33D8B /* [CP] Embed Pods Frameworks */ = {
			isa = PBXShellScriptBuildPhase;
			buildActionMask = 2147483647;
			files = (
			);
			inputFileListPaths = (
				"${PODS_ROOT}/Target Support Files/Pods-TradeMySurf/Pods-TradeMySurf-frameworks-${CONFIGURATION}-input-files.xcfilelist",
			);
			name = "[CP] Embed Pods Frameworks";
			outputFileListPaths = (
				"${PODS_ROOT}/Target Support Files/Pods-TradeMySurf/Pods-TradeMySurf-frameworks-${CONFIGURATION}-output-files.xcfilelist",
			);
			runOnlyForDeploymentPostprocessing = 0;
			shellPath = /bin/sh;
			shellScript = "\"${PODS_ROOT}/Target Support Files/Pods-TradeMySurf/Pods-TradeMySurf-frameworks.sh\"\n";
			showEnvVarsInLog = 0;
		};
		CEE4F4BDB2961797D17A282B /* [CP] Check Pods Manifest.lock */ = {
			isa = PBXShellScriptBuildPhase;
			buildActionMask = 2147483647;
			files = (
			);
			inputFileListPaths = (
			);
			inputPaths = (
				"${PODS_PODFILE_DIR_PATH}/Podfile.lock",
				"${PODS_ROOT}/Manifest.lock",
			);
			name = "[CP] Check Pods Manifest.lock";
			outputFileListPaths = (
			);
			outputPaths = (
				"$(DERIVED_FILE_DIR)/Pods-TradeMySurfTests-checkManifestLockResult.txt",
			);
			runOnlyForDeploymentPostprocessing = 0;
			shellPath = /bin/sh;
			shellScript = "diff \"${PODS_PODFILE_DIR_PATH}/Podfile.lock\" \"${PODS_ROOT}/Manifest.lock\" > /dev/null\nif [ $? != 0 ] ; then\n    # print error to STDERR\n    echo \"error: The sandbox is not in sync with the Podfile.lock. Run 'pod install' or update your CocoaPods installation.\" >&2\n    exit 1\nfi\n# This output is used by Xcode 'outputs' to avoid re-running this script phase.\necho \"SUCCESS\" > \"${SCRIPT_OUTPUT_FILE_0}\"\n";
			showEnvVarsInLog = 0;
		};
/* End PBXShellScriptBuildPhase section */

/* Begin PBXSourcesBuildPhase section */
		9C5B6444232A506C000727E6 /* Sources */ = {
			isa = PBXSourcesBuildPhase;
			buildActionMask = 2147483647;
			files = (
				9CBDE2982395A9E600317F51 /* TimeHelper.swift in Sources */,
				9C587298257FFA8300524BA7 /* ApiMapsRequest.swift in Sources */,
				9C31EB8C23E3AB1A00060143 /* DetailViewController.swift in Sources */,
				9C69CE76234CD9B9003E386F /* Location.swift in Sources */,
				9CF77BEE24106A1A00C92725 /* Array+Extension.swift in Sources */,
				9C627C842BF299EA00CD16C4 /* ThemeManager.swift in Sources */,
				9CF77BEA2410690000C92725 /* UIView+Constraints.swift in Sources */,
				9CEFD7462CBC142A0003DCF4 /* RecommendedView.swift in Sources */,
				9CC4F8EA23CA536A00F3ABAB /* Surfs.mlmodel in Sources */,
				9C467C67234F2A7D009F4D58 /* Surfboard.swift in Sources */,
				9C5B6450232A506C000727E6 /* PriceCalculatorViewController.swift in Sources */,
				9C05178C2BE1746D00DDBFDC /* GuideView.swift in Sources */,
				9CFDFD412367228300760F25 /* AddLevelViewController.swift in Sources */,
				9C62417A238B374A00A4B7C9 /* LocationaCollectionViewCell.swift in Sources */,
				9C8939B02CBC4089008B7A45 /* SplashView.swift in Sources */,
				9C624178238B107B00A4B7C9 /* SurfboardCollectionViewCell.swift in Sources */,
				9C53CE1E289E94B5000969F2 /* SplashViewController.swift in Sources */,
				9C76F09423493DAB00853FD9 /* WelcomeViewController.swift in Sources */,
				9C05178A2BE1745D00DDBFDC /* MainView.swift in Sources */,
				9CE21BB32507C9BF00B6B20C /* LocationViewController.swift in Sources */,
				9C3CC3DE23C75EE800359368 /* SupplementaryViews.swift in Sources */,
				9C624172238AE81A00A4B7C9 /* SurfTip.swift in Sources */,
				9CEFD7442CBC07C70003DCF4 /* TabbarEntrySwiftUI.swift in Sources */,
				9C73E26623B963570028B9AC /* CoordinatorPresenting.swift in Sources */,
				9CF77BE024104B9400C92725 /* AlertContainerView.swift in Sources */,
				9CB161562BE0335D0031C913 /* AddLevelView.swift in Sources */,
				9C8939B82CBC418B008B7A45 /* AlertSwiftUIView.swift in Sources */,
				9C624170238AE75000A4B7C9 /* MockService.swift in Sources */,
				9C5B64D42B16A07900360CAF /* Helper.swift in Sources */,
				9C58729C258023D800524BA7 /* ApiEndpoint.swift in Sources */,
				9C8939B62CBC414E008B7A45 /* AlertButtonView.swift in Sources */,
				9C627C802BF291D400CD16C4 /* SurfTheme.swift in Sources */,
				9C73E26823B964560028B9AC /* CoordinatorUIKit.swift in Sources */,
				9C53D5C0234C126600A3BD80 /* StoryboardProtocol.swift in Sources */,
				9C5B64CC2B1697A200360CAF /* AppRoot.swift in Sources */,
				9C5B644C232A506C000727E6 /* AppDelegate.swift in Sources */,
				9C0517882BE1745000DDBFDC /* CalculatorView.swift in Sources */,
				9C62416E238AE68E00A4B7C9 /* ReuseIdentifierHelper.swift in Sources */,
				9C624174238AFC1400A4B7C9 /* SmallTableViewCell.swift in Sources */,
				9C5B6456232A506C000727E6 /* TradeMySurf.xcdatamodeld in Sources */,
				9CF77BEC241069BA00C92725 /* UIViewController+ChildViewController.swift in Sources */,
				9C8F330223994CDD0070751F /* FontHelper.swift in Sources */,
				9C8939B22CBC40C4008B7A45 /* WelcomeView.swift in Sources */,
				9C89B61C23DA40D400DB8DDF /* UIView+Shadow.swift in Sources */,
				9CF1CC24241136950067533C /* TabBarVC.swift in Sources */,
				9CF77BDC24101D8300C92725 /* TabbarEntry.swift in Sources */,
				9C8939AE2CBC405B008B7A45 /* RootViewApp.swift in Sources */,
				9CFDFD3F2367226C00760F25 /* AddDateViewController.swift in Sources */,
				9C76F09623493EDA00853FD9 /* SurfTripViewController.swift in Sources */,
				9C62417C239156C200A4B7C9 /* UserDefaultsHelper.swift in Sources */,
				9C53CE1C289E9497000969F2 /* MapModel.swift in Sources */,
				9C90BC552386BD020090E346 /* Enums.swift in Sources */,
				9C8939B42CBC411F008B7A45 /* ButtonAnimateColor.swift in Sources */,
				9C89B61E23DA41A600DB8DDF /* BaseNavigationController.swift in Sources */,
				9C76F09823493F0900853FD9 /* GuideViewController.swift in Sources */,
				9CF936E923CBC0AB00A8C72D /* UIView+Gradient.swift in Sources */,
				9C6F64D02379FB7800B0224D /* Constants.swift in Sources */,
				9C627C7E2BF291B400CD16C4 /* ThemeProtocol.swift in Sources */,
				9CF77BE82410669B00C92725 /* TabItemView.swift in Sources */,
			);
			runOnlyForDeploymentPostprocessing = 0;
		};
		9C5B645D232A5073000727E6 /* Sources */ = {
			isa = PBXSourcesBuildPhase;
			buildActionMask = 2147483647;
			files = (
				9CFDFD36236718E400760F25 /* CoordinatorTests.swift in Sources */,
				9C9F836C2366BDAA00FA4F41 /* TabBarCoordinatorTests.swift in Sources */,
			);
			runOnlyForDeploymentPostprocessing = 0;
		};
		9C5B6468232A5073000727E6 /* Sources */ = {
			isa = PBXSourcesBuildPhase;
			buildActionMask = 2147483647;
			files = (
				9C5B6471232A5073000727E6 /* TradeMySurfUITests.swift in Sources */,
			);
			runOnlyForDeploymentPostprocessing = 0;
		};
/* End PBXSourcesBuildPhase section */

/* Begin PBXTargetDependency section */
		9C5B6463232A5073000727E6 /* PBXTargetDependency */ = {
			isa = PBXTargetDependency;
			target = 9C5B6447232A506C000727E6 /* TradeMySurf */;
			targetProxy = 9C5B6462232A5073000727E6 /* PBXContainerItemProxy */;
		};
		9C5B646E232A5073000727E6 /* PBXTargetDependency */ = {
			isa = PBXTargetDependency;
			target = 9C5B6447232A506C000727E6 /* TradeMySurf */;
			targetProxy = 9C5B646D232A5073000727E6 /* PBXContainerItemProxy */;
		};
/* End PBXTargetDependency section */

/* Begin XCBuildConfiguration section */
		9C5B6473232A5073000727E6 /* Debug */ = {
			isa = XCBuildConfiguration;
			buildSettings = {
				ALWAYS_SEARCH_USER_PATHS = NO;
				CLANG_ANALYZER_NONNULL = YES;
				CLANG_ANALYZER_NUMBER_OBJECT_CONVERSION = YES_AGGRESSIVE;
				CLANG_CXX_LANGUAGE_STANDARD = "gnu++14";
				CLANG_CXX_LIBRARY = "libc++";
				CLANG_ENABLE_MODULES = YES;
				CLANG_ENABLE_OBJC_ARC = YES;
				CLANG_ENABLE_OBJC_WEAK = YES;
				CLANG_WARN_BLOCK_CAPTURE_AUTORELEASING = YES;
				CLANG_WARN_BOOL_CONVERSION = YES;
				CLANG_WARN_COMMA = YES;
				CLANG_WARN_CONSTANT_CONVERSION = YES;
				CLANG_WARN_DEPRECATED_OBJC_IMPLEMENTATIONS = YES;
				CLANG_WARN_DIRECT_OBJC_ISA_USAGE = YES_ERROR;
				CLANG_WARN_DOCUMENTATION_COMMENTS = YES;
				CLANG_WARN_EMPTY_BODY = YES;
				CLANG_WARN_ENUM_CONVERSION = YES;
				CLANG_WARN_INFINITE_RECURSION = YES;
				CLANG_WARN_INT_CONVERSION = YES;
				CLANG_WARN_NON_LITERAL_NULL_CONVERSION = YES;
				CLANG_WARN_OBJC_IMPLICIT_RETAIN_SELF = YES;
				CLANG_WARN_OBJC_LITERAL_CONVERSION = YES;
				CLANG_WARN_OBJC_ROOT_CLASS = YES_ERROR;
				CLANG_WARN_QUOTED_INCLUDE_IN_FRAMEWORK_HEADER = YES;
				CLANG_WARN_RANGE_LOOP_ANALYSIS = YES;
				CLANG_WARN_STRICT_PROTOTYPES = YES;
				CLANG_WARN_SUSPICIOUS_MOVE = YES;
				CLANG_WARN_UNGUARDED_AVAILABILITY = YES_AGGRESSIVE;
				CLANG_WARN_UNREACHABLE_CODE = YES;
				CLANG_WARN__DUPLICATE_METHOD_MATCH = YES;
				COPY_PHASE_STRIP = NO;
				DEBUG_INFORMATION_FORMAT = dwarf;
				DEFINES_MODULE = YES;
				ENABLE_MODULE_VERIFIER = YES;
				ENABLE_STRICT_OBJC_MSGSEND = YES;
				ENABLE_TESTABILITY = YES;
				ENABLE_USER_SCRIPT_SANDBOXING = NO;
				GCC_C_LANGUAGE_STANDARD = gnu11;
				GCC_DYNAMIC_NO_PIC = NO;
				GCC_NO_COMMON_BLOCKS = YES;
				GCC_OPTIMIZATION_LEVEL = 0;
				GCC_PREPROCESSOR_DEFINITIONS = (
					"DEBUG=1",
					"$(inherited)",
				);
				GCC_WARN_64_TO_32_BIT_CONVERSION = YES;
				GCC_WARN_ABOUT_RETURN_TYPE = YES_ERROR;
				GCC_WARN_UNDECLARED_SELECTOR = YES;
				GCC_WARN_UNINITIALIZED_AUTOS = YES_AGGRESSIVE;
				GCC_WARN_UNUSED_FUNCTION = YES;
				GCC_WARN_UNUSED_VARIABLE = YES;
				IPHONEOS_DEPLOYMENT_TARGET = 17.0;
				MODULE_VERIFIER_SUPPORTED_LANGUAGE_STANDARDS = "gnu11 gnu++14";
				MTL_ENABLE_DEBUG_INFO = INCLUDE_SOURCE;
				MTL_FAST_MATH = YES;
				ONLY_ACTIVE_ARCH = YES;
				PRODUCT_BUNDLE_IDENTIFIER = "Surf Curve";
				SDKROOT = iphoneos;
				SWIFT_ACTIVE_COMPILATION_CONDITIONS = DEBUG;
				SWIFT_OPTIMIZATION_LEVEL = "-Onone";
			};
			name = Debug;
		};
		9C5B6474232A5073000727E6 /* Release */ = {
			isa = XCBuildConfiguration;
			buildSettings = {
				ALWAYS_SEARCH_USER_PATHS = NO;
				CLANG_ANALYZER_NONNULL = YES;
				CLANG_ANALYZER_NUMBER_OBJECT_CONVERSION = YES_AGGRESSIVE;
				CLANG_CXX_LANGUAGE_STANDARD = "gnu++14";
				CLANG_CXX_LIBRARY = "libc++";
				CLANG_ENABLE_MODULES = YES;
				CLANG_ENABLE_OBJC_ARC = YES;
				CLANG_ENABLE_OBJC_WEAK = YES;
				CLANG_WARN_BLOCK_CAPTURE_AUTORELEASING = YES;
				CLANG_WARN_BOOL_CONVERSION = YES;
				CLANG_WARN_COMMA = YES;
				CLANG_WARN_CONSTANT_CONVERSION = YES;
				CLANG_WARN_DEPRECATED_OBJC_IMPLEMENTATIONS = YES;
				CLANG_WARN_DIRECT_OBJC_ISA_USAGE = YES_ERROR;
				CLANG_WARN_DOCUMENTATION_COMMENTS = YES;
				CLANG_WARN_EMPTY_BODY = YES;
				CLANG_WARN_ENUM_CONVERSION = YES;
				CLANG_WARN_INFINITE_RECURSION = YES;
				CLANG_WARN_INT_CONVERSION = YES;
				CLANG_WARN_NON_LITERAL_NULL_CONVERSION = YES;
				CLANG_WARN_OBJC_IMPLICIT_RETAIN_SELF = YES;
				CLANG_WARN_OBJC_LITERAL_CONVERSION = YES;
				CLANG_WARN_OBJC_ROOT_CLASS = YES_ERROR;
				CLANG_WARN_QUOTED_INCLUDE_IN_FRAMEWORK_HEADER = YES;
				CLANG_WARN_RANGE_LOOP_ANALYSIS = YES;
				CLANG_WARN_STRICT_PROTOTYPES = YES;
				CLANG_WARN_SUSPICIOUS_MOVE = YES;
				CLANG_WARN_UNGUARDED_AVAILABILITY = YES_AGGRESSIVE;
				CLANG_WARN_UNREACHABLE_CODE = YES;
				CLANG_WARN__DUPLICATE_METHOD_MATCH = YES;
				COPY_PHASE_STRIP = NO;
				DEBUG_INFORMATION_FORMAT = "dwarf-with-dsym";
				DEFINES_MODULE = YES;
				ENABLE_MODULE_VERIFIER = YES;
				ENABLE_NS_ASSERTIONS = NO;
				ENABLE_STRICT_OBJC_MSGSEND = YES;
				ENABLE_USER_SCRIPT_SANDBOXING = NO;
				GCC_C_LANGUAGE_STANDARD = gnu11;
				GCC_NO_COMMON_BLOCKS = YES;
				GCC_WARN_64_TO_32_BIT_CONVERSION = YES;
				GCC_WARN_ABOUT_RETURN_TYPE = YES_ERROR;
				GCC_WARN_UNDECLARED_SELECTOR = YES;
				GCC_WARN_UNINITIALIZED_AUTOS = YES_AGGRESSIVE;
				GCC_WARN_UNUSED_FUNCTION = YES;
				GCC_WARN_UNUSED_VARIABLE = YES;
				IPHONEOS_DEPLOYMENT_TARGET = 17.0;
				MODULE_VERIFIER_SUPPORTED_LANGUAGE_STANDARDS = "gnu11 gnu++14";
				MTL_ENABLE_DEBUG_INFO = NO;
				MTL_FAST_MATH = YES;
				PRODUCT_BUNDLE_IDENTIFIER = "Surf Curve";
				SDKROOT = iphoneos;
				SWIFT_COMPILATION_MODE = wholemodule;
				SWIFT_OPTIMIZATION_LEVEL = "-O";
				VALIDATE_PRODUCT = YES;
			};
			name = Release;
		};
		9C5B6476232A5073000727E6 /* Debug */ = {
			isa = XCBuildConfiguration;
			baseConfigurationReference = 73594BCA3A691E66914D3EEA /* Pods-TradeMySurf.debug.xcconfig */;
			buildSettings = {
				ASSETCATALOG_COMPILER_APPICON_NAME = AppIcon;
				CODE_SIGN_IDENTITY = "Apple Development";
				CODE_SIGN_STYLE = Automatic;
				CURRENT_PROJECT_VERSION = 2;
				DEFINES_MODULE = YES;
				DEVELOPMENT_TEAM = HBS2B82CVU;
				ENABLE_MODULE_VERIFIER = YES;
				INFOPLIST_FILE = TradeMySurf/Info.plist;
				INFOPLIST_KEY_LSApplicationCategoryType = "public.app-category.lifestyle";
				IPHONEOS_DEPLOYMENT_TARGET = 17.0;
				LD_RUNPATH_SEARCH_PATHS = (
					"$(inherited)",
					"@executable_path/Frameworks",
				);
				MARKETING_VERSION = 1.0.2;
				MODULE_VERIFIER_SUPPORTED_LANGUAGE_STANDARDS = "gnu11 gnu++14";
				PRODUCT_BUNDLE_IDENTIFIER = com.marinahuber;
				PRODUCT_NAME = SurfCurve;
				PROVISIONING_PROFILE_SPECIFIER = "";
				SUPPORTED_PLATFORMS = "iphoneos iphonesimulator";
				SUPPORTS_MACCATALYST = NO;
				SUPPORTS_MAC_DESIGNED_FOR_IPHONE_IPAD = NO;
				SWIFT_VERSION = 5.0;
				TARGETED_DEVICE_FAMILY = 1;
			};
			name = Debug;
		};
		9C5B6477232A5073000727E6 /* Release */ = {
			isa = XCBuildConfiguration;
			baseConfigurationReference = 2A0124D5F3B03C0085DAD269 /* Pods-TradeMySurf.release.xcconfig */;
			buildSettings = {
				ASSETCATALOG_COMPILER_APPICON_NAME = AppIcon;
				CODE_SIGN_IDENTITY = "Apple Development";
				CODE_SIGN_STYLE = Automatic;
				CURRENT_PROJECT_VERSION = 2;
				DEFINES_MODULE = YES;
				DEVELOPMENT_TEAM = HBS2B82CVU;
				ENABLE_MODULE_VERIFIER = YES;
				INFOPLIST_FILE = TradeMySurf/Info.plist;
				INFOPLIST_KEY_LSApplicationCategoryType = "public.app-category.lifestyle";
				IPHONEOS_DEPLOYMENT_TARGET = 17.0;
				LD_RUNPATH_SEARCH_PATHS = (
					"$(inherited)",
					"@executable_path/Frameworks",
				);
				MARKETING_VERSION = 1.0.2;
				MODULE_VERIFIER_SUPPORTED_LANGUAGE_STANDARDS = "gnu11 gnu++14";
				PRODUCT_BUNDLE_IDENTIFIER = com.marinahuber;
				PRODUCT_NAME = SurfCurve;
				PROVISIONING_PROFILE_SPECIFIER = "";
				SUPPORTED_PLATFORMS = "iphoneos iphonesimulator";
				SUPPORTS_MACCATALYST = NO;
				SUPPORTS_MAC_DESIGNED_FOR_IPHONE_IPAD = NO;
				SWIFT_VERSION = 5.0;
				TARGETED_DEVICE_FAMILY = 1;
			};
			name = Release;
		};
		9C5B6479232A5073000727E6 /* Debug */ = {
			isa = XCBuildConfiguration;
			baseConfigurationReference = 3A1C042CB9EFA0254C2988FE /* Pods-TradeMySurfTests.debug.xcconfig */;
			buildSettings = {
				ALWAYS_EMBED_SWIFT_STANDARD_LIBRARIES = YES;
				BUNDLE_LOADER = "$(TEST_HOST)";
				CODE_SIGN_STYLE = Automatic;
				DEVELOPMENT_TEAM = HBS2B82CVU;
				INFOPLIST_FILE = TradeMySurfTests/Info.plist;
				IPHONEOS_DEPLOYMENT_TARGET = 13.0;
				LD_RUNPATH_SEARCH_PATHS = (
					"$(inherited)",
					"@executable_path/Frameworks",
					"@loader_path/Frameworks",
				);
				PRODUCT_BUNDLE_IDENTIFIER = com.marinahuber.TradeMySurfTests;
				PRODUCT_NAME = "$(TARGET_NAME)";
				SWIFT_VERSION = 5.0;
				TARGETED_DEVICE_FAMILY = "1,2";
				TEST_HOST = "$(BUILT_PRODUCTS_DIR)/TradeMySurf.app/TradeMySurf";
			};
			name = Debug;
		};
		9C5B647A232A5073000727E6 /* Release */ = {
			isa = XCBuildConfiguration;
			baseConfigurationReference = 4510A5DB5E6D5379DA0C696C /* Pods-TradeMySurfTests.release.xcconfig */;
			buildSettings = {
				ALWAYS_EMBED_SWIFT_STANDARD_LIBRARIES = YES;
				BUNDLE_LOADER = "$(TEST_HOST)";
				CODE_SIGN_STYLE = Automatic;
				DEVELOPMENT_TEAM = HBS2B82CVU;
				INFOPLIST_FILE = TradeMySurfTests/Info.plist;
				IPHONEOS_DEPLOYMENT_TARGET = 13.0;
				LD_RUNPATH_SEARCH_PATHS = (
					"$(inherited)",
					"@executable_path/Frameworks",
					"@loader_path/Frameworks",
				);
				PRODUCT_BUNDLE_IDENTIFIER = com.marinahuber.TradeMySurfTests;
				PRODUCT_NAME = "$(TARGET_NAME)";
				SWIFT_VERSION = 5.0;
				TARGETED_DEVICE_FAMILY = "1,2";
				TEST_HOST = "$(BUILT_PRODUCTS_DIR)/TradeMySurf.app/TradeMySurf";
			};
			name = Release;
		};
		9C5B647C232A5073000727E6 /* Debug */ = {
			isa = XCBuildConfiguration;
			buildSettings = {
				ALWAYS_EMBED_SWIFT_STANDARD_LIBRARIES = YES;
				CODE_SIGN_STYLE = Automatic;
				DEVELOPMENT_TEAM = HBS2B82CVU;
				INFOPLIST_FILE = TradeMySurfUITests/Info.plist;
				LD_RUNPATH_SEARCH_PATHS = (
					"$(inherited)",
					"@executable_path/Frameworks",
					"@loader_path/Frameworks",
				);
				PRODUCT_BUNDLE_IDENTIFIER = com.marinahuber.TradeMySurfUITests;
				PRODUCT_NAME = "$(TARGET_NAME)";
				SWIFT_VERSION = 5.0;
				TARGETED_DEVICE_FAMILY = "1,2";
				TEST_TARGET_NAME = TradeMySurf;
			};
			name = Debug;
		};
		9C5B647D232A5073000727E6 /* Release */ = {
			isa = XCBuildConfiguration;
			buildSettings = {
				ALWAYS_EMBED_SWIFT_STANDARD_LIBRARIES = YES;
				CODE_SIGN_STYLE = Automatic;
				DEVELOPMENT_TEAM = HBS2B82CVU;
				INFOPLIST_FILE = TradeMySurfUITests/Info.plist;
				LD_RUNPATH_SEARCH_PATHS = (
					"$(inherited)",
					"@executable_path/Frameworks",
					"@loader_path/Frameworks",
				);
				PRODUCT_BUNDLE_IDENTIFIER = com.marinahuber.TradeMySurfUITests;
				PRODUCT_NAME = "$(TARGET_NAME)";
				SWIFT_VERSION = 5.0;
				TARGETED_DEVICE_FAMILY = "1,2";
				TEST_TARGET_NAME = TradeMySurf;
			};
			name = Release;
		};
/* End XCBuildConfiguration section */

/* Begin XCConfigurationList section */
		9C5B6443232A506C000727E6 /* Build configuration list for PBXProject "TradeMySurf" */ = {
			isa = XCConfigurationList;
			buildConfigurations = (
				9C5B6473232A5073000727E6 /* Debug */,
				9C5B6474232A5073000727E6 /* Release */,
			);
			defaultConfigurationIsVisible = 0;
			defaultConfigurationName = Release;
		};
		9C5B6475232A5073000727E6 /* Build configuration list for PBXNativeTarget "TradeMySurf" */ = {
			isa = XCConfigurationList;
			buildConfigurations = (
				9C5B6476232A5073000727E6 /* Debug */,
				9C5B6477232A5073000727E6 /* Release */,
			);
			defaultConfigurationIsVisible = 0;
			defaultConfigurationName = Release;
		};
		9C5B6478232A5073000727E6 /* Build configuration list for PBXNativeTarget "TradeMySurfTests" */ = {
			isa = XCConfigurationList;
			buildConfigurations = (
				9C5B6479232A5073000727E6 /* Debug */,
				9C5B647A232A5073000727E6 /* Release */,
			);
			defaultConfigurationIsVisible = 0;
			defaultConfigurationName = Release;
		};
		9C5B647B232A5073000727E6 /* Build configuration list for PBXNativeTarget "TradeMySurfUITests" */ = {
			isa = XCConfigurationList;
			buildConfigurations = (
				9C5B647C232A5073000727E6 /* Debug */,
				9C5B647D232A5073000727E6 /* Release */,
			);
			defaultConfigurationIsVisible = 0;
			defaultConfigurationName = Release;
		};
/* End XCConfigurationList section */

/* Begin XCVersionGroup section */
		9C5B6454232A506C000727E6 /* TradeMySurf.xcdatamodeld */ = {
			isa = XCVersionGroup;
			children = (
				9C5B6455232A506C000727E6 /* TradeMySurf.xcdatamodel */,
			);
			currentVersion = 9C5B6455232A506C000727E6 /* TradeMySurf.xcdatamodel */;
			path = TradeMySurf.xcdatamodeld;
			sourceTree = "<group>";
			versionGroupType = wrapper.xcdatamodel;
		};
/* End XCVersionGroup section */
	};
	rootObject = 9C5B6440232A506C000727E6 /* Project object */;
}
