PODS:
  - lottie-ios (3.1.8)
  - Presentr (1.9)
  - SwiftyPickerPopover (6.6.6)

DEPENDENCIES:
  - lottie-ios
  - Presentr
  - SwiftyPickerPopover

SPEC REPOS:
  https://github.com/CocoaPods/Specs.git:
    - lottie-ios
    - Presentr
    - SwiftyPickerPopover

SPEC CHECKSUMS:
  lottie-ios: 48fac6be217c76937e36e340e2d09cf7b10b7f5f
  Presentr: 7078d7eb5d1661ebeaae60c9e42a1e534de1b993
  SwiftyPickerPopover: a402960a6687c911ffcb4e9fb282a1bc61186ab4

PODFILE CHECKSUM: c78c925dd0887e598ae925f0aa6777057bc6a22a

COCOAPODS: 1.11.2
